
Microsoft Visual Studio Solution File, Format Version 11.00
# Visual Studio 2010
Project("{888888A0-9F3D-457C-B088-3A5042F75D52}") = "Fresher", "Fresher\Fresher.pyproj", "{D9C60F54-4D2E-4CED-A2E5-05B91B1EF0AA}"
EndProject
Global
	GlobalSection(SolutionConfigurationPlatforms) = preSolution
		Debug|Any CPU = Debug|Any CPU
		Release|Any CPU = Release|Any CPU
	EndGlobalSection
	GlobalSection(ProjectConfigurationPlatforms) = postSolution
		{D9C60F54-4D2E-4CED-A2E5-05B91B1EF0AA}.Debug|Any CPU.ActiveCfg = Debug|Any CPU
		{D9C60F54-4D2E-4CED-A2E5-05B91B1EF0AA}.Debug|Any CPU.Build.0 = Debug|Any CPU
		{D9C60F54-4D2E-4CED-A2E5-05B91B1EF0AA}.Release|Any CPU.ActiveCfg = Release|Any CPU
		{D9C60F54-4D2E-4CED-A2E5-05B91B1EF0AA}.Release|Any CPU.Build.0 = Release|Any CPU
	EndGlobalSection
	GlobalSection(SolutionProperties) = preSolution
		HideSolutionNode = FALSE
	EndGlobalSection
EndGlobal
